
Microsoft Visual Studio Solution File, Format Version 12.00
# Visual Studio Version 16
VisualStudioVersion = 16.0.30413.136
MinimumVisualStudioVersion = 10.0.40219.1
Project("{FAE04EC0-301F-11D3-BF4B-00C04F79EFBC}") = "MapPolygon", "MapPolygon\MapPolygon.csproj", "{8C95EC4F-9768-451D-95D5-F13AA6384148}"
EndProject
Global
	GlobalSection(SolutionConfigurationPlatforms) = preSolution
		Debug|Any CPU = Debug|Any CPU
		Release|Any CPU = Release|Any CPU
	EndGlobalSection
	GlobalSection(ProjectConfigurationPlatforms) = postSolution
		{8C95EC4F-9768-451D-95D5-F13AA6384148}.Debug|Any CPU.ActiveCfg = Debug|Any CPU
		{8C95EC4F-9768-451D-95D5-F13AA6384148}.Debug|Any CPU.Build.0 = Debug|Any CPU
		{8C95EC4F-9768-451D-95D5-F13AA6384148}.Release|Any CPU.ActiveCfg = Release|Any CPU
		{8C95EC4F-9768-451D-95D5-F13AA6384148}.Release|Any CPU.Build.0 = Release|Any CPU
	EndGlobalSection
	GlobalSection(SolutionProperties) = preSolution
		HideSolutionNode = FALSE
	EndGlobalSection
	GlobalSection(ExtensibilityGlobals) = postSolution
		SolutionGuid = {4AB36C1C-5375-47CB-A5ED-BC088D44A639}
	EndGlobalSection
EndGlobal
